
Microsoft Visual Studio Solution File, Format Version 12.00
# Visual Studio 15
VisualStudioVersion = 15.0.26730.12
MinimumVisualStudioVersion = 10.0.40219.1
Project("{FAE04EC0-301F-11D3-BF4B-00C04F79EFBC}") = "OddFilter", "OddFilter\OddFilter.csproj", "{9C7C17F7-1507-409E-B52F-4BD549EA5066}"
EndProject
Global
	GlobalSection(SolutionConfigurationPlatforms) = preSolution
		Debug|Any CPU = Debug|Any CPU
		Release|Any CPU = Release|Any CPU
	EndGlobalSection
	GlobalSection(ProjectConfigurationPlatforms) = postSolution
		{9C7C17F7-1507-409E-B52F-4BD549EA5066}.Debug|Any CPU.ActiveCfg = Debug|Any CPU
		{9C7C17F7-1507-409E-B52F-4BD549EA5066}.Debug|Any CPU.Build.0 = Debug|Any CPU
		{9C7C17F7-1507-409E-B52F-4BD549EA5066}.Release|Any CPU.ActiveCfg = Release|Any CPU
		{9C7C17F7-1507-409E-B52F-4BD549EA5066}.Release|Any CPU.Build.0 = Release|Any CPU
	EndGlobalSection
	GlobalSection(SolutionProperties) = preSolution
		HideSolutionNode = FALSE
	EndGlobalSection
	GlobalSection(ExtensibilityGlobals) = postSolution
		SolutionGuid = {D2B20F69-5CAA-49EE-ABC7-DCA2D2743BED}
	EndGlobalSection
EndGlobal
